// !$*UTF8*$!
{
	archiveVersion = 1;
	classes = {
	};
	objectVersion = 77;
	objects = {

/* Begin PBXBuildFile section */
		4EC031532F16242C00552603 /* Colors.swift in Sources */ = {isa = PBXBuildFile; fileRef = 4EC0313D2F16242C00552603 /* Colors.swift */; };
		4EC031542F16242C00552603 /* APIService.swift in Sources */ = {isa = PBXBuildFile; fileRef = 4EC0314F2F16242C00552603 /* APIService.swift */; };
		4EC031552F16242C00552603 /* ClipApp.swift in Sources */ = {isa = PBXBuildFile; fileRef = 4EC031372F16242C00552603 /* ClipApp.swift */; };
		4EC031562F16242C00552603 /* HapticManager.swift in Sources */ = {isa = PBXBuildFile; fileRef = 4EC031412F16242C00552603 /* HapticManager.swift */; };
		4EC031572F16242C00552603 /* RootView.swift in Sources */ = {isa = PBXBuildFile; fileRef = 4EC031442F16242C00552603 /* RootView.swift */; };
		4EC031582F16242C00552603 /* Typography.swift in Sources */ = {isa = PBXBuildFile; fileRef = 4EC0313E2F16242C00552603 /* Typography.swift */; };
		4EC031592F16242C00552603 /* CameraManager.swift in Sources */ = {isa = PBXBuildFile; fileRef = 4EC031402F16242C00552603 /* CameraManager.swift */; };
		4EC0315A2F16242C00552603 /* MockData.swift in Sources */ = {isa = PBXBuildFile; fileRef = 4EC031502F16242C00552603 /* MockData.swift */; };
		4EC0315B2F16242C00552603 /* PhotoManager.swift in Sources */ = {isa = PBXBuildFile; fileRef = 4EC031422F16242C00552603 /* PhotoManager.swift */; };
		4EC0315C2F16242C00552603 /* SearchResult.swift in Sources */ = {isa = PBXBuildFile; fileRef = 4EC0314D2F16242C00552603 /* SearchResult.swift */; };
		4EC0315E2F16242C00552603 /* TopicPill.swift in Sources */ = {isa = PBXBuildFile; fileRef = 4EC0313B2F16242C00552603 /* TopicPill.swift */; };
		4EC0315F2F16242C00552603 /* ClipMetadata.swift in Sources */ = {isa = PBXBuildFile; fileRef = 4EC0314C2F16242C00552603 /* ClipMetadata.swift */; };
		4EC031612F16242C00552603 /* GlobalViewState.swift in Sources */ = {isa = PBXBuildFile; fileRef = 4EC031382F16242C00552603 /* GlobalViewState.swift */; };
		4EC031622F16242C00552603 /* ClipDetailView.swift in Sources */ = {isa = PBXBuildFile; fileRef = 4EC031472F16242C00552603 /* ClipDetailView.swift */; };
		4EC031632F16242C00552603 /* SkeletonView.swift in Sources */ = {isa = PBXBuildFile; fileRef = 4EC0313A2F16242C00552603 /* SkeletonView.swift */; };
		4EC031642F16252C00552603 /* Gradients.swift in Sources */ = {isa = PBXBuildFile; fileRef = 4EC031652F16252C00552603 /* Gradients.swift */; };
		4EC031672F16300000552603 /* WakeWordDetector.swift in Sources */ = {isa = PBXBuildFile; fileRef = 4EC031662F16300000552603 /* WakeWordDetector.swift */; };
		4EC031732F16500000552603 /* FeedView.swift in Sources */ = {isa = PBXBuildFile; fileRef = 4EC031742F16500000552603 /* FeedView.swift */; };
		4EC031762F16400000552603 /* LaunchView.swift in Sources */ = {isa = PBXBuildFile; fileRef = 4EC031752F16400000552603 /* LaunchView.swift */; };
		4EC031792F16400000552603 /* TimelineView.swift in Sources */ = {isa = PBXBuildFile; fileRef = 4EC0317A2F16400000552603 /* TimelineView.swift */; };
		4EC0317B2F16400000552603 /* MomentCard.swift in Sources */ = {isa = PBXBuildFile; fileRef = 4EC0317C2F16400000552603 /* MomentCard.swift */; };
		4EC0317D2F16600000552603 /* ClipsGridView.swift in Sources */ = {isa = PBXBuildFile; fileRef = 4EC0317E2F16600000552603 /* ClipsGridView.swift */; };
		4EC0317F2F16600000552603 /* ClipsListView.swift in Sources */ = {isa = PBXBuildFile; fileRef = 4EC031802F16600000552603 /* ClipsListView.swift */; };
		4EC031812F16700000552603 /* MetaGlassesManager.swift in Sources */ = {isa = PBXBuildFile; fileRef = 4EC031822F16700000552603 /* MetaGlassesManager.swift */; };
		4EC031832F16700000552603 /* MetaSDKProvider.swift in Sources */ = {isa = PBXBuildFile; fileRef = 4EC031842F16700000552603 /* MetaSDKProvider.swift */; };
		4EC031872F16700000552603 /* GlassesStreamProvider.swift in Sources */ = {isa = PBXBuildFile; fileRef = 4EC031882F16700000552603 /* GlassesStreamProvider.swift */; };
		4EC031902F17800000552603 /* TitleGenerator.swift in Sources */ = {isa = PBXBuildFile; fileRef = 4EC031912F17800000552603 /* TitleGenerator.swift */; };
		4EC031922F17800000552603 /* FilterBar.swift in Sources */ = {isa = PBXBuildFile; fileRef = 4EC031932F17800000552603 /* FilterBar.swift */; };
		4EC031A02F18000000552603 /* AudioCaptureProvider.swift in Sources */ = {isa = PBXBuildFile; fileRef = 4EC031A12F18000000552603 /* AudioCaptureProvider.swift */; };
		4EC031A22F18000000552603 /* AudioCaptureManager.swift in Sources */ = {isa = PBXBuildFile; fileRef = 4EC031A32F18000000552603 /* AudioCaptureManager.swift */; };
		4EC031A42F18000000552603 /* BluetoothAudioProvider.swift in Sources */ = {isa = PBXBuildFile; fileRef = 4EC031A52F18000000552603 /* BluetoothAudioProvider.swift */; };
		4EC031A82F18000000552603 /* ClipExporter.swift in Sources */ = {isa = PBXBuildFile; fileRef = 4EC031A92F18000000552603 /* ClipExporter.swift */; };
		4EC031AA2F18000000552603 /* ClipCaptureCoordinator.swift in Sources */ = {isa = PBXBuildFile; fileRef = 4EC031AB2F18000000552603 /* ClipCaptureCoordinator.swift */; };
		4EC031B02F19000000552603 /* GlassesPreviewView.swift in Sources */ = {isa = PBXBuildFile; fileRef = 4EC031B12F19000000552603 /* GlassesPreviewView.swift */; };
		4EC031B32F19000000552603 /* StateView.swift in Sources */ = {isa = PBXBuildFile; fileRef = 4EC031B22F19000000552603 /* StateView.swift */; };
		4EC031B52F19000000552603 /* PresageService.swift in Sources */ = {isa = PBXBuildFile; fileRef = 4EC031B42F19000000552603 /* PresageService.swift */; };
		4EC031B72F19000000552603 /* SmartSpectraSwiftSDK in Frameworks */ = {isa = PBXBuildFile; productRef = 4EC031B82F19000000552603 /* SmartSpectraSwiftSDK */; };
		4EC031B92F1A000000552603 /* ElevenLabsService.swift in Sources */ = {isa = PBXBuildFile; fileRef = 4EC031BA2F1A000000552603 /* ElevenLabsService.swift */; };
		4EC031C02F1B000000552603 /* TrimView.swift in Sources */ = {isa = PBXBuildFile; fileRef = 4EC031C12F1B000000552603 /* TrimView.swift */; };
		4EC031C22F1B000000552603 /* CaptionOverlayView.swift in Sources */ = {isa = PBXBuildFile; fileRef = 4EC031C32F1B000000552603 /* CaptionOverlayView.swift */; };
		4EC031C42F1B000000552603 /* CaptionManager.swift in Sources */ = {isa = PBXBuildFile; fileRef = 4EC031C52F1B000000552603 /* CaptionManager.swift */; };
		4EC031C62F1B000000552603 /* LaughterDetector.swift in Sources */ = {isa = PBXBuildFile; fileRef = 4EC031C72F1B000000552603 /* LaughterDetector.swift */; };
		4EC031D02F1C000000552603 /* GeminiService.swift in Sources */ = {isa = PBXBuildFile; fileRef = 4EC031D12F1C000000552603 /* GeminiService.swift */; };
		4EC031D22F1C000000552603 /* MemoryAssistantService.swift in Sources */ = {isa = PBXBuildFile; fileRef = 4EC031D32F1C000000552603 /* MemoryAssistantService.swift */; };
		4EC031D42F1C000000552603 /* MemoryAssistantView.swift in Sources */ = {isa = PBXBuildFile; fileRef = 4EC031D52F1C000000552603 /* MemoryAssistantView.swift */; };
		EDE0E54B2F1C414600788AE2 /* MWDATCamera in Frameworks */ = {isa = PBXBuildFile; productRef = EDE0E54A2F1C414600788AE2 /* MWDATCamera */; };
		EDE0E54D2F1C414600788AE2 /* MWDATCore in Frameworks */ = {isa = PBXBuildFile; productRef = EDE0E54C2F1C414600788AE2 /* MWDATCore */; };
		EDE0E54F2F1C414600788AE2 /* MWDATMockDevice in Frameworks */ = {isa = PBXBuildFile; productRef = EDE0E54E2F1C414600788AE2 /* MWDATMockDevice */; };
/* End PBXBuildFile section */

/* Begin PBXFileReference section */
		4EC030E82F161BD600552603 /* nw2025.app */ = {isa = PBXFileReference; explicitFileType = wrapper.application; includeInIndex = 0; path = nw2025.app; sourceTree = BUILT_PRODUCTS_DIR; };
		4EC031372F16242C00552603 /* ClipApp.swift */ = {isa = PBXFileReference; lastKnownFileType = sourcecode.swift; path = ClipApp.swift; sourceTree = "<group>"; };
		4EC031382F16242C00552603 /* GlobalViewState.swift */ = {isa = PBXFileReference; lastKnownFileType = sourcecode.swift; path = GlobalViewState.swift; sourceTree = "<group>"; };
		4EC0313A2F16242C00552603 /* SkeletonView.swift */ = {isa = PBXFileReference; lastKnownFileType = sourcecode.swift; path = SkeletonView.swift; sourceTree = "<group>"; };
		4EC0313B2F16242C00552603 /* TopicPill.swift */ = {isa = PBXFileReference; lastKnownFileType = sourcecode.swift; path = TopicPill.swift; sourceTree = "<group>"; };
		4EC0313D2F16242C00552603 /* Colors.swift */ = {isa = PBXFileReference; lastKnownFileType = sourcecode.swift; path = Colors.swift; sourceTree = "<group>"; };
		4EC0313E2F16242C00552603 /* Typography.swift */ = {isa = PBXFileReference; lastKnownFileType = sourcecode.swift; path = Typography.swift; sourceTree = "<group>"; };
		4EC031402F16242C00552603 /* CameraManager.swift */ = {isa = PBXFileReference; lastKnownFileType = sourcecode.swift; path = CameraManager.swift; sourceTree = "<group>"; };
		4EC031412F16242C00552603 /* HapticManager.swift */ = {isa = PBXFileReference; lastKnownFileType = sourcecode.swift; path = HapticManager.swift; sourceTree = "<group>"; };
		4EC031422F16242C00552603 /* PhotoManager.swift */ = {isa = PBXFileReference; lastKnownFileType = sourcecode.swift; path = PhotoManager.swift; sourceTree = "<group>"; };
		4EC031442F16242C00552603 /* RootView.swift */ = {isa = PBXFileReference; lastKnownFileType = sourcecode.swift; path = RootView.swift; sourceTree = "<group>"; };
		4EC031472F16242C00552603 /* ClipDetailView.swift */ = {isa = PBXFileReference; lastKnownFileType = sourcecode.swift; path = ClipDetailView.swift; sourceTree = "<group>"; };
		4EC0314C2F16242C00552603 /* ClipMetadata.swift */ = {isa = PBXFileReference; lastKnownFileType = sourcecode.swift; path = ClipMetadata.swift; sourceTree = "<group>"; };
		4EC0314D2F16242C00552603 /* SearchResult.swift */ = {isa = PBXFileReference; lastKnownFileType = sourcecode.swift; path = SearchResult.swift; sourceTree = "<group>"; };
		4EC0314F2F16242C00552603 /* APIService.swift */ = {isa = PBXFileReference; lastKnownFileType = sourcecode.swift; path = APIService.swift; sourceTree = "<group>"; };
		4EC031502F16242C00552603 /* MockData.swift */ = {isa = PBXFileReference; lastKnownFileType = sourcecode.swift; path = MockData.swift; sourceTree = "<group>"; };
		4EC031652F16252C00552603 /* Gradients.swift */ = {isa = PBXFileReference; lastKnownFileType = sourcecode.swift; path = Gradients.swift; sourceTree = "<group>"; };
		4EC031662F16300000552603 /* WakeWordDetector.swift */ = {isa = PBXFileReference; lastKnownFileType = sourcecode.swift; path = WakeWordDetector.swift; sourceTree = "<group>"; };
		4EC031682F16300000552603 /* Info.plist */ = {isa = PBXFileReference; lastKnownFileType = text.plist.xml; path = Info.plist; sourceTree = "<group>"; };
		4EC031742F16500000552603 /* FeedView.swift */ = {isa = PBXFileReference; lastKnownFileType = sourcecode.swift; path = FeedView.swift; sourceTree = "<group>"; };
		4EC031752F16400000552603 /* LaunchView.swift */ = {isa = PBXFileReference; lastKnownFileType = sourcecode.swift; path = LaunchView.swift; sourceTree = "<group>"; };
		4EC0317A2F16400000552603 /* TimelineView.swift */ = {isa = PBXFileReference; lastKnownFileType = sourcecode.swift; path = TimelineView.swift; sourceTree = "<group>"; };
		4EC0317C2F16400000552603 /* MomentCard.swift */ = {isa = PBXFileReference; lastKnownFileType = sourcecode.swift; path = MomentCard.swift; sourceTree = "<group>"; };
		4EC0317E2F16600000552603 /* ClipsGridView.swift */ = {isa = PBXFileReference; lastKnownFileType = sourcecode.swift; path = ClipsGridView.swift; sourceTree = "<group>"; };
		4EC031802F16600000552603 /* ClipsListView.swift */ = {isa = PBXFileReference; lastKnownFileType = sourcecode.swift; path = ClipsListView.swift; sourceTree = "<group>"; };
		4EC031822F16700000552603 /* MetaGlassesManager.swift */ = {isa = PBXFileReference; lastKnownFileType = sourcecode.swift; path = MetaGlassesManager.swift; sourceTree = "<group>"; };
		4EC031842F16700000552603 /* MetaSDKProvider.swift */ = {isa = PBXFileReference; lastKnownFileType = sourcecode.swift; path = MetaSDKProvider.swift; sourceTree = "<group>"; };
		4EC031882F16700000552603 /* GlassesStreamProvider.swift */ = {isa = PBXFileReference; lastKnownFileType = sourcecode.swift; path = GlassesStreamProvider.swift; sourceTree = "<group>"; };
		4EC031912F17800000552603 /* TitleGenerator.swift */ = {isa = PBXFileReference; lastKnownFileType = sourcecode.swift; path = TitleGenerator.swift; sourceTree = "<group>"; };
		4EC031932F17800000552603 /* FilterBar.swift */ = {isa = PBXFileReference; lastKnownFileType = sourcecode.swift; path = FilterBar.swift; sourceTree = "<group>"; };
		4EC031A12F18000000552603 /* AudioCaptureProvider.swift */ = {isa = PBXFileReference; lastKnownFileType = sourcecode.swift; path = AudioCaptureProvider.swift; sourceTree = "<group>"; };
		4EC031A32F18000000552603 /* AudioCaptureManager.swift */ = {isa = PBXFileReference; lastKnownFileType = sourcecode.swift; path = AudioCaptureManager.swift; sourceTree = "<group>"; };
		4EC031A52F18000000552603 /* BluetoothAudioProvider.swift */ = {isa = PBXFileReference; lastKnownFileType = sourcecode.swift; path = BluetoothAudioProvider.swift; sourceTree = "<group>"; };
		4EC031A92F18000000552603 /* ClipExporter.swift */ = {isa = PBXFileReference; lastKnownFileType = sourcecode.swift; path = ClipExporter.swift; sourceTree = "<group>"; };
		4EC031AB2F18000000552603 /* ClipCaptureCoordinator.swift */ = {isa = PBXFileReference; lastKnownFileType = sourcecode.swift; path = ClipCaptureCoordinator.swift; sourceTree = "<group>"; };
		4EC031B12F19000000552603 /* GlassesPreviewView.swift */ = {isa = PBXFileReference; lastKnownFileType = sourcecode.swift; path = GlassesPreviewView.swift; sourceTree = "<group>"; };
		4EC031B22F19000000552603 /* StateView.swift */ = {isa = PBXFileReference; lastKnownFileType = sourcecode.swift; path = StateView.swift; sourceTree = "<group>"; };
		4EC031B42F19000000552603 /* PresageService.swift */ = {isa = PBXFileReference; lastKnownFileType = sourcecode.swift; path = PresageService.swift; sourceTree = "<group>"; };
		4EC031BA2F1A000000552603 /* ElevenLabsService.swift */ = {isa = PBXFileReference; lastKnownFileType = sourcecode.swift; path = ElevenLabsService.swift; sourceTree = "<group>"; };
		4EC031C12F1B000000552603 /* TrimView.swift */ = {isa = PBXFileReference; lastKnownFileType = sourcecode.swift; path = TrimView.swift; sourceTree = "<group>"; };
		4EC031C32F1B000000552603 /* CaptionOverlayView.swift */ = {isa = PBXFileReference; lastKnownFileType = sourcecode.swift; path = CaptionOverlayView.swift; sourceTree = "<group>"; };
		4EC031C52F1B000000552603 /* CaptionManager.swift */ = {isa = PBXFileReference; lastKnownFileType = sourcecode.swift; path = CaptionManager.swift; sourceTree = "<group>"; };
		4EC031C72F1B000000552603 /* LaughterDetector.swift */ = {isa = PBXFileReference; lastKnownFileType = sourcecode.swift; path = LaughterDetector.swift; sourceTree = "<group>"; };
		4EC031D12F1C000000552603 /* GeminiService.swift */ = {isa = PBXFileReference; lastKnownFileType = sourcecode.swift; path = GeminiService.swift; sourceTree = "<group>"; };
		4EC031D32F1C000000552603 /* MemoryAssistantService.swift */ = {isa = PBXFileReference; lastKnownFileType = sourcecode.swift; path = MemoryAssistantService.swift; sourceTree = "<group>"; };
		4EC031D52F1C000000552603 /* MemoryAssistantView.swift */ = {isa = PBXFileReference; lastKnownFileType = sourcecode.swift; path = MemoryAssistantView.swift; sourceTree = "<group>"; };
/* End PBXFileReference section */

/* Begin PBXFrameworksBuildPhase section */
		4EC030E52F161BD600552603 /* Frameworks */ = {
			isa = PBXFrameworksBuildPhase;
			buildActionMask = 2147483647;
			files = (
				EDE0E54B2F1C414600788AE2 /* MWDATCamera in Frameworks */,
				EDE0E54F2F1C414600788AE2 /* MWDATMockDevice in Frameworks */,
				EDE0E54D2F1C414600788AE2 /* MWDATCore in Frameworks */,
				4EC031B72F19000000552603 /* SmartSpectraSwiftSDK in Frameworks */,
			);
			runOnlyForDeploymentPostprocessing = 0;
		};
/* End PBXFrameworksBuildPhase section */

/* Begin PBXGroup section */
		4EC030DF2F161BD600552603 = {
			isa = PBXGroup;
			children = (
				4EC031522F16242C00552603 /* ClipApp */,
				4EC030E92F161BD600552603 /* Products */,
			);
			sourceTree = "<group>";
		};
		4EC030E92F161BD600552603 /* Products */ = {
			isa = PBXGroup;
			children = (
				4EC030E82F161BD600552603 /* nw2025.app */,
			);
			name = Products;
			sourceTree = "<group>";
		};
		4EC031392F16242C00552603 /* App */ = {
			isa = PBXGroup;
			children = (
				4EC031372F16242C00552603 /* ClipApp.swift */,
				4EC031382F16242C00552603 /* GlobalViewState.swift */,
			);
			path = App;
			sourceTree = "<group>";
		};
		4EC0313C2F16242C00552603 /* Components */ = {
			isa = PBXGroup;
			children = (
				4EC0313A2F16242C00552603 /* SkeletonView.swift */,
				4EC0313B2F16242C00552603 /* TopicPill.swift */,
			);
			path = Components;
			sourceTree = "<group>";
		};
		4EC0313F2F16242C00552603 /* DesignSystem */ = {
			isa = PBXGroup;
			children = (
				4EC0313C2F16242C00552603 /* Components */,
				4EC0313D2F16242C00552603 /* Colors.swift */,
				4EC031652F16252C00552603 /* Gradients.swift */,
				4EC0313E2F16242C00552603 /* Typography.swift */,
			);
			path = DesignSystem;
			sourceTree = "<group>";
		};
		4EC031432F16242C00552603 /* Managers */ = {
			isa = PBXGroup;
			children = (
				4EC031AC2F18000000552603 /* AudioCapture */,
				4EC031892F16700000552603 /* MetaGlasses */,
				4EC031402F16242C00552603 /* CameraManager.swift */,
				4EC031C52F1B000000552603 /* CaptionManager.swift */,
				4EC031A92F18000000552603 /* ClipExporter.swift */,
				4EC031AB2F18000000552603 /* ClipCaptureCoordinator.swift */,
				4EC031412F16242C00552603 /* HapticManager.swift */,
				4EC031C72F1B000000552603 /* LaughterDetector.swift */,
				4EC031422F16242C00552603 /* PhotoManager.swift */,
				4EC031662F16300000552603 /* WakeWordDetector.swift */,
			);
			path = Managers;
			sourceTree = "<group>";
		};
		4EC031452F16242C00552603 /* Navigation */ = {
			isa = PBXGroup;
			children = (
				4EC031442F16242C00552603 /* RootView.swift */,
				4EC031752F16400000552603 /* LaunchView.swift */,
				4EC031932F17800000552603 /* FilterBar.swift */,
			);
			path = Navigation;
			sourceTree = "<group>";
		};
		4EC031462F16242C00552603 /* Core */ = {
			isa = PBXGroup;
			children = (
				4EC0313F2F16242C00552603 /* DesignSystem */,
				4EC031432F16242C00552603 /* Managers */,
				4EC031452F16242C00552603 /* Navigation */,
			);
			path = Core;
			sourceTree = "<group>";
		};
		4EC0314A2F16242C00552603 /* Feed */ = {
			isa = PBXGroup;
			children = (
				4EC031C32F1B000000552603 /* CaptionOverlayView.swift */,
				4EC031472F16242C00552603 /* ClipDetailView.swift */,
				4EC0317E2F16600000552603 /* ClipsGridView.swift */,
				4EC031802F16600000552603 /* ClipsListView.swift */,
				4EC031742F16500000552603 /* FeedView.swift */,
				4EC031B12F19000000552603 /* GlassesPreviewView.swift */,
				4EC031D52F1C000000552603 /* MemoryAssistantView.swift */,
				4EC0317C2F16400000552603 /* MomentCard.swift */,
				4EC0317A2F16400000552603 /* TimelineView.swift */,
				4EC031C12F1B000000552603 /* TrimView.swift */,
			);
			path = Feed;
			sourceTree = "<group>";
		};
		4EC0314B2F16242C00552603 /* Features */ = {
			isa = PBXGroup;
			children = (
				4EC0314A2F16242C00552603 /* Feed */,
				4EC031B62F19000000552603 /* State */,
			);
			path = Features;
			sourceTree = "<group>";
		};
		4EC0314E2F16242C00552603 /* Models */ = {
			isa = PBXGroup;
			children = (
				4EC0314C2F16242C00552603 /* ClipMetadata.swift */,
				4EC0314D2F16242C00552603 /* SearchResult.swift */,
			);
			path = Models;
			sourceTree = "<group>";
		};
		4EC031512F16242C00552603 /* Services */ = {
			isa = PBXGroup;
			children = (
				4EC0314F2F16242C00552603 /* APIService.swift */,
				4EC031502F16242C00552603 /* MockData.swift */,
				4EC031912F17800000552603 /* TitleGenerator.swift */,
				4EC031B42F19000000552603 /* PresageService.swift */,
				4EC031BA2F1A000000552603 /* ElevenLabsService.swift */,
				4EC031D12F1C000000552603 /* GeminiService.swift */,
				4EC031D32F1C000000552603 /* MemoryAssistantService.swift */,
			);
			path = Services;
			sourceTree = "<group>";
		};
		4EC031522F16242C00552603 /* ClipApp */ = {
			isa = PBXGroup;
			children = (
				4EC031392F16242C00552603 /* App */,
				4EC031462F16242C00552603 /* Core */,
				4EC0314B2F16242C00552603 /* Features */,
				4EC0314E2F16242C00552603 /* Models */,
				4EC031512F16242C00552603 /* Services */,
				4EC031682F16300000552603 /* Info.plist */,
			);
			path = ClipApp;
			sourceTree = "<group>";
		};
		4EC031892F16700000552603 /* MetaGlasses */ = {
			isa = PBXGroup;
			children = (
				4EC031882F16700000552603 /* GlassesStreamProvider.swift */,
				4EC031822F16700000552603 /* MetaGlassesManager.swift */,
				4EC031842F16700000552603 /* MetaSDKProvider.swift */,
			);
			path = MetaGlasses;
			sourceTree = "<group>";
		};
		4EC031AC2F18000000552603 /* AudioCapture */ = {
			isa = PBXGroup;
			children = (
				4EC031A12F18000000552603 /* AudioCaptureProvider.swift */,
				4EC031A32F18000000552603 /* AudioCaptureManager.swift */,
				4EC031A52F18000000552603 /* BluetoothAudioProvider.swift */,
			);
			path = AudioCapture;
			sourceTree = "<group>";
		};
		4EC031B62F19000000552603 /* State */ = {
			isa = PBXGroup;
			children = (
				4EC031B22F19000000552603 /* StateView.swift */,
			);
			path = State;
			sourceTree = "<group>";
		};
/* End PBXGroup section */

/* Begin PBXNativeTarget section */
		4EC030E72F161BD600552603 /* nw2025 */ = {
			isa = PBXNativeTarget;
			buildConfigurationList = 4EC030F32F161BD800552603 /* Build configuration list for PBXNativeTarget "nw2025" */;
			buildPhases = (
				4EC030E42F161BD600552603 /* Sources */,
				4EC030E52F161BD600552603 /* Frameworks */,
				4EC030E62F161BD600552603 /* Resources */,
			);
			buildRules = (
			);
			dependencies = (
			);
			name = nw2025;
			packageProductDependencies = (
				EDE0E54A2F1C414600788AE2 /* MWDATCamera */,
				EDE0E54C2F1C414600788AE2 /* MWDATCore */,
				EDE0E54E2F1C414600788AE2 /* MWDATMockDevice */,
				4EC031B82F19000000552603 /* SmartSpectraSwiftSDK */,
			);
			productName = nw2025;
			productReference = 4EC030E82F161BD600552603 /* nw2025.app */;
			productType = "com.apple.product-type.application";
		};
/* End PBXNativeTarget section */

/* Begin PBXProject section */
		4EC030E02F161BD600552603 /* Project object */ = {
			isa = PBXProject;
			attributes = {
				BuildIndependentTargetsInParallel = 1;
				LastSwiftUpdateCheck = 2620;
				LastUpgradeCheck = 2620;
				TargetAttributes = {
					4EC030E72F161BD600552603 = {
						CreatedOnToolsVersion = 26.2;
					};
				};
			};
			buildConfigurationList = 4EC030E32F161BD600552603 /* Build configuration list for PBXProject "nw2025" */;
			developmentRegion = en;
			hasScannedForEncodings = 0;
			knownRegions = (
				en,
				Base,
			);
			mainGroup = 4EC030DF2F161BD600552603;
			minimizedProjectReferenceProxies = 1;
			packageReferences = (
				EDE0E5492F1C414600788AE2 /* XCRemoteSwiftPackageReference "meta-wearables-dat-ios" */,
				4EC031B92F19000000552603 /* XCRemoteSwiftPackageReference "SmartSpectra" */,
			);
			preferredProjectObjectVersion = 77;
			productRefGroup = 4EC030E92F161BD600552603 /* Products */;
			projectDirPath = "";
			projectRoot = "";
			targets = (
				4EC030E72F161BD600552603 /* nw2025 */,
			);
		};
/* End PBXProject section */

/* Begin PBXResourcesBuildPhase section */
		4EC030E62F161BD600552603 /* Resources */ = {
			isa = PBXResourcesBuildPhase;
			buildActionMask = 2147483647;
			files = (
			);
			runOnlyForDeploymentPostprocessing = 0;
		};
/* End PBXResourcesBuildPhase section */

/* Begin PBXSourcesBuildPhase section */
		4EC030E42F161BD600552603 /* Sources */ = {
			isa = PBXSourcesBuildPhase;
			buildActionMask = 2147483647;
			files = (
				4EC031532F16242C00552603 /* Colors.swift in Sources */,
				4EC031642F16252C00552603 /* Gradients.swift in Sources */,
				4EC031542F16242C00552603 /* APIService.swift in Sources */,
				4EC031552F16242C00552603 /* ClipApp.swift in Sources */,
				4EC031562F16242C00552603 /* HapticManager.swift in Sources */,
				4EC031572F16242C00552603 /* RootView.swift in Sources */,
				4EC031582F16242C00552603 /* Typography.swift in Sources */,
				4EC031592F16242C00552603 /* CameraManager.swift in Sources */,
				4EC0315A2F16242C00552603 /* MockData.swift in Sources */,
				4EC0315B2F16242C00552603 /* PhotoManager.swift in Sources */,
				4EC0315C2F16242C00552603 /* SearchResult.swift in Sources */,
				4EC0315E2F16242C00552603 /* TopicPill.swift in Sources */,
				4EC0315F2F16242C00552603 /* ClipMetadata.swift in Sources */,
				4EC031612F16242C00552603 /* GlobalViewState.swift in Sources */,
				4EC031622F16242C00552603 /* ClipDetailView.swift in Sources */,
				4EC031632F16242C00552603 /* SkeletonView.swift in Sources */,
				4EC031672F16300000552603 /* WakeWordDetector.swift in Sources */,
				4EC031762F16400000552603 /* LaunchView.swift in Sources */,
				4EC031792F16400000552603 /* TimelineView.swift in Sources */,
				4EC0317B2F16400000552603 /* MomentCard.swift in Sources */,
				4EC031732F16500000552603 /* FeedView.swift in Sources */,
				4EC0317D2F16600000552603 /* ClipsGridView.swift in Sources */,
				4EC0317F2F16600000552603 /* ClipsListView.swift in Sources */,
				4EC031812F16700000552603 /* MetaGlassesManager.swift in Sources */,
				4EC031832F16700000552603 /* MetaSDKProvider.swift in Sources */,
				4EC031872F16700000552603 /* GlassesStreamProvider.swift in Sources */,
				4EC031902F17800000552603 /* TitleGenerator.swift in Sources */,
				4EC031922F17800000552603 /* FilterBar.swift in Sources */,
				4EC031A02F18000000552603 /* AudioCaptureProvider.swift in Sources */,
				4EC031A22F18000000552603 /* AudioCaptureManager.swift in Sources */,
				4EC031A42F18000000552603 /* BluetoothAudioProvider.swift in Sources */,
				4EC031A82F18000000552603 /* ClipExporter.swift in Sources */,
				4EC031AA2F18000000552603 /* ClipCaptureCoordinator.swift in Sources */,
				4EC031B02F19000000552603 /* GlassesPreviewView.swift in Sources */,
				4EC031B32F19000000552603 /* StateView.swift in Sources */,
				4EC031B52F19000000552603 /* PresageService.swift in Sources */,
				4EC031B92F1A000000552603 /* ElevenLabsService.swift in Sources */,
				4EC031D02F1C000000552603 /* GeminiService.swift in Sources */,
				4EC031D22F1C000000552603 /* MemoryAssistantService.swift in Sources */,
				4EC031D42F1C000000552603 /* MemoryAssistantView.swift in Sources */,
				4EC031C02F1B000000552603 /* TrimView.swift in Sources */,
				4EC031C22F1B000000552603 /* CaptionOverlayView.swift in Sources */,
				4EC031C42F1B000000552603 /* CaptionManager.swift in Sources */,
				4EC031C62F1B000000552603 /* LaughterDetector.swift in Sources */,
			);
			runOnlyForDeploymentPostprocessing = 0;
		};
/* End PBXSourcesBuildPhase section */

/* Begin XCBuildConfiguration section */
		4EC030F12F161BD800552603 /* Debug */ = {
			isa = XCBuildConfiguration;
			buildSettings = {
				ALWAYS_SEARCH_USER_PATHS = NO;
				ASSETCATALOG_COMPILER_GENERATE_SWIFT_ASSET_SYMBOL_EXTENSIONS = YES;
				CLANG_ANALYZER_NONNULL = YES;
				CLANG_ANALYZER_NUMBER_OBJECT_CONVERSION = YES_AGGRESSIVE;
				CLANG_CXX_LANGUAGE_STANDARD = "gnu++20";
				CLANG_ENABLE_MODULES = YES;
				CLANG_ENABLE_OBJC_ARC = YES;
				CLANG_ENABLE_OBJC_WEAK = YES;
				CLANG_WARN_BLOCK_CAPTURE_AUTORELEASING = YES;
				CLANG_WARN_BOOL_CONVERSION = YES;
				CLANG_WARN_COMMA = YES;
				CLANG_WARN_CONSTANT_CONVERSION = YES;
				CLANG_WARN_DEPRECATED_OBJC_IMPLEMENTATIONS = YES;
				CLANG_WARN_DIRECT_OBJC_ISA_USAGE = YES_ERROR;
				CLANG_WARN_DOCUMENTATION_COMMENTS = YES;
				CLANG_WARN_EMPTY_BODY = YES;
				CLANG_WARN_ENUM_CONVERSION = YES;
				CLANG_WARN_INFINITE_RECURSION = YES;
				CLANG_WARN_INT_CONVERSION = YES;
				CLANG_WARN_NON_LITERAL_NULL_CONVERSION = YES;
				CLANG_WARN_OBJC_IMPLICIT_RETAIN_SELF = YES;
				CLANG_WARN_OBJC_LITERAL_CONVERSION = YES;
				CLANG_WARN_OBJC_ROOT_CLASS = YES_ERROR;
				CLANG_WARN_QUOTED_INCLUDE_IN_FRAMEWORK_HEADER = YES;
				CLANG_WARN_RANGE_LOOP_ANALYSIS = YES;
				CLANG_WARN_STRICT_PROTOTYPES = YES;
				CLANG_WARN_SUSPICIOUS_MOVE = YES;
				CLANG_WARN_UNGUARDED_AVAILABILITY = YES_AGGRESSIVE;
				CLANG_WARN_UNREACHABLE_CODE = YES;
				CLANG_WARN__DUPLICATE_METHOD_MATCH = YES;
				COPY_PHASE_STRIP = NO;
				DEBUG_INFORMATION_FORMAT = dwarf;
				ENABLE_STRICT_OBJC_MSGSEND = YES;
				ENABLE_TESTABILITY = YES;
				ENABLE_USER_SCRIPT_SANDBOXING = YES;
				GCC_C_LANGUAGE_STANDARD = gnu17;
				GCC_DYNAMIC_NO_PIC = NO;
				GCC_NO_COMMON_BLOCKS = YES;
				GCC_OPTIMIZATION_LEVEL = 0;
				GCC_PREPROCESSOR_DEFINITIONS = (
					"DEBUG=1",
					"$(inherited)",
				);
				GCC_WARN_64_TO_32_BIT_CONVERSION = YES;
				GCC_WARN_ABOUT_RETURN_TYPE = YES_ERROR;
				GCC_WARN_UNDECLARED_SELECTOR = YES;
				GCC_WARN_UNINITIALIZED_AUTOS = YES_AGGRESSIVE;
				GCC_WARN_UNUSED_FUNCTION = YES;
				GCC_WARN_UNUSED_VARIABLE = YES;
				IPHONEOS_DEPLOYMENT_TARGET = 26.2;
				LOCALIZATION_PREFERS_STRING_CATALOGS = YES;
				MTL_ENABLE_DEBUG_INFO = INCLUDE_SOURCE;
				MTL_FAST_MATH = YES;
				ONLY_ACTIVE_ARCH = YES;
				SDKROOT = iphoneos;
				SWIFT_ACTIVE_COMPILATION_CONDITIONS = "DEBUG $(inherited)";
				SWIFT_OPTIMIZATION_LEVEL = "-Onone";
			};
			name = Debug;
		};
		4EC030F22F161BD800552603 /* Release */ = {
			isa = XCBuildConfiguration;
			buildSettings = {
				ALWAYS_SEARCH_USER_PATHS = NO;
				ASSETCATALOG_COMPILER_GENERATE_SWIFT_ASSET_SYMBOL_EXTENSIONS = YES;
				CLANG_ANALYZER_NONNULL = YES;
				CLANG_ANALYZER_NUMBER_OBJECT_CONVERSION = YES_AGGRESSIVE;
				CLANG_CXX_LANGUAGE_STANDARD = "gnu++20";
				CLANG_ENABLE_MODULES = YES;
				CLANG_ENABLE_OBJC_ARC = YES;
				CLANG_ENABLE_OBJC_WEAK = YES;
				CLANG_WARN_BLOCK_CAPTURE_AUTORELEASING = YES;
				CLANG_WARN_BOOL_CONVERSION = YES;
				CLANG_WARN_COMMA = YES;
				CLANG_WARN_CONSTANT_CONVERSION = YES;
				CLANG_WARN_DEPRECATED_OBJC_IMPLEMENTATIONS = YES;
				CLANG_WARN_DIRECT_OBJC_ISA_USAGE = YES_ERROR;
				CLANG_WARN_DOCUMENTATION_COMMENTS = YES;
				CLANG_WARN_EMPTY_BODY = YES;
				CLANG_WARN_ENUM_CONVERSION = YES;
				CLANG_WARN_INFINITE_RECURSION = YES;
				CLANG_WARN_INT_CONVERSION = YES;
				CLANG_WARN_NON_LITERAL_NULL_CONVERSION = YES;
				CLANG_WARN_OBJC_IMPLICIT_RETAIN_SELF = YES;
				CLANG_WARN_OBJC_LITERAL_CONVERSION = YES;
				CLANG_WARN_OBJC_ROOT_CLASS = YES_ERROR;
				CLANG_WARN_QUOTED_INCLUDE_IN_FRAMEWORK_HEADER = YES;
				CLANG_WARN_RANGE_LOOP_ANALYSIS = YES;
				CLANG_WARN_STRICT_PROTOTYPES = YES;
				CLANG_WARN_SUSPICIOUS_MOVE = YES;
				CLANG_WARN_UNGUARDED_AVAILABILITY = YES_AGGRESSIVE;
				CLANG_WARN_UNREACHABLE_CODE = YES;
				CLANG_WARN__DUPLICATE_METHOD_MATCH = YES;
				COPY_PHASE_STRIP = NO;
				DEBUG_INFORMATION_FORMAT = "dwarf-with-dsym";
				ENABLE_NS_ASSERTIONS = NO;
				ENABLE_STRICT_OBJC_MSGSEND = YES;
				ENABLE_USER_SCRIPT_SANDBOXING = YES;
				GCC_C_LANGUAGE_STANDARD = gnu17;
				GCC_NO_COMMON_BLOCKS = YES;
				GCC_WARN_64_TO_32_BIT_CONVERSION = YES;
				GCC_WARN_ABOUT_RETURN_TYPE = YES_ERROR;
				GCC_WARN_UNDECLARED_SELECTOR = YES;
				GCC_WARN_UNINITIALIZED_AUTOS = YES_AGGRESSIVE;
				GCC_WARN_UNUSED_FUNCTION = YES;
				GCC_WARN_UNUSED_VARIABLE = YES;
				IPHONEOS_DEPLOYMENT_TARGET = 26.2;
				LOCALIZATION_PREFERS_STRING_CATALOGS = YES;
				MTL_ENABLE_DEBUG_INFO = NO;
				MTL_FAST_MATH = YES;
				SDKROOT = iphoneos;
				SWIFT_COMPILATION_MODE = wholemodule;
				VALIDATE_PRODUCT = YES;
			};
			name = Release;
		};
		4EC030F42F161BD800552603 /* Debug */ = {
			isa = XCBuildConfiguration;
			buildSettings = {
				ASSETCATALOG_COMPILER_APPICON_NAME = AppIcon;
				ASSETCATALOG_COMPILER_GLOBAL_ACCENT_COLOR_NAME = AccentColor;
				CODE_SIGN_STYLE = Automatic;
				CURRENT_PROJECT_VERSION = 1;
				DEVELOPMENT_TEAM = 8DX2TD97D2;
				ENABLE_PREVIEWS = YES;
				GENERATE_INFOPLIST_FILE = YES;
				INFOPLIST_FILE = ClipApp/Info.plist;
				INFOPLIST_KEY_NSBluetoothAlwaysUsageDescription = "Clip uses Bluetooth to connect to your Ray-Ban Meta glasses.";
				INFOPLIST_KEY_NSBluetoothPeripheralUsageDescription = "Clip uses Bluetooth to connect to your Ray-Ban Meta glasses.";
				INFOPLIST_KEY_NSCameraUsageDescription = "Clip uses the camera to measure vitals with SmartSpectra.";
				INFOPLIST_KEY_NSLocalNetworkUsageDescription = "Clip uses local network to communicate with your glasses.";
				INFOPLIST_KEY_NSLocationWhenInUseUsageDescription = "Required to discover nearby glasses via Bluetooth";
				INFOPLIST_KEY_NSMicrophoneUsageDescription = "Clip needs microphone access to capture audio from your Ray-Ban Meta glasses.";
				INFOPLIST_KEY_NSPhotoLibraryAddUsageDescription = "Clip saves captured moments to your Photo Library.";
				INFOPLIST_KEY_NSPhotoLibraryUsageDescription = "Clip saves captured moments to your Photo Library so you can access them anytime.";
				INFOPLIST_KEY_NSSpeechRecognitionUsageDescription = "Clip uses speech recognition to detect \"Clip That\" voice commands to save moments from your glasses.";
				INFOPLIST_KEY_UIApplicationSceneManifest_Generation = YES;
				INFOPLIST_KEY_UIApplicationSupportsIndirectInputEvents = YES;
				INFOPLIST_KEY_UILaunchScreen_Generation = YES;
				INFOPLIST_KEY_UISupportedInterfaceOrientations_iPad = "UIInterfaceOrientationPortrait UIInterfaceOrientationPortraitUpsideDown UIInterfaceOrientationLandscapeLeft UIInterfaceOrientationLandscapeRight";
				INFOPLIST_KEY_UISupportedInterfaceOrientations_iPhone = "UIInterfaceOrientationPortrait UIInterfaceOrientationLandscapeLeft UIInterfaceOrientationLandscapeRight";
				LD_RUNPATH_SEARCH_PATHS = (
					"$(inherited)",
					"@executable_path/Frameworks",
				);
				MARKETING_VERSION = 1.0;
				PRODUCT_BUNDLE_IDENTIFIER = me.park.jay.nw2025;
				PRODUCT_NAME = "$(TARGET_NAME)";
				STRING_CATALOG_GENERATE_SYMBOLS = YES;
				SWIFT_APPROACHABLE_CONCURRENCY = YES;
				SWIFT_DEFAULT_ACTOR_ISOLATION = MainActor;
				SWIFT_EMIT_LOC_STRINGS = YES;
				SWIFT_UPCOMING_FEATURE_MEMBER_IMPORT_VISIBILITY = YES;
				SWIFT_VERSION = 5.0;
				TARGETED_DEVICE_FAMILY = "1,2";
			};
			name = Debug;
		};
		4EC030F52F161BD800552603 /* Release */ = {
			isa = XCBuildConfiguration;
			buildSettings = {
				ASSETCATALOG_COMPILER_APPICON_NAME = AppIcon;
				ASSETCATALOG_COMPILER_GLOBAL_ACCENT_COLOR_NAME = AccentColor;
				CODE_SIGN_STYLE = Automatic;
				CURRENT_PROJECT_VERSION = 1;
				DEVELOPMENT_TEAM = 8DX2TD97D2;
				ENABLE_PREVIEWS = YES;
				GENERATE_INFOPLIST_FILE = YES;
				INFOPLIST_FILE = ClipApp/Info.plist;
				INFOPLIST_KEY_NSBluetoothAlwaysUsageDescription = "Clip uses Bluetooth to connect to your Ray-Ban Meta glasses.";
				INFOPLIST_KEY_NSBluetoothPeripheralUsageDescription = "Clip uses Bluetooth to connect to your Ray-Ban Meta glasses.";
				INFOPLIST_KEY_NSCameraUsageDescription = "Clip uses the camera to measure vitals with SmartSpectra.";
				INFOPLIST_KEY_NSLocalNetworkUsageDescription = "Clip uses local network to communicate with your glasses.";
				INFOPLIST_KEY_NSLocationWhenInUseUsageDescription = "Required to discover nearby glasses via Bluetooth";
				INFOPLIST_KEY_NSMicrophoneUsageDescription = "Clip needs microphone access to capture audio from your Ray-Ban Meta glasses.";
				INFOPLIST_KEY_NSPhotoLibraryAddUsageDescription = "Clip saves captured moments to your Photo Library.";
				INFOPLIST_KEY_NSPhotoLibraryUsageDescription = "Clip saves captured moments to your Photo Library so you can access them anytime.";
				INFOPLIST_KEY_NSSpeechRecognitionUsageDescription = "Clip uses speech recognition to detect \"Clip That\" voice commands to save moments from your glasses.";
				INFOPLIST_KEY_UIApplicationSceneManifest_Generation = YES;
				INFOPLIST_KEY_UIApplicationSupportsIndirectInputEvents = YES;
				INFOPLIST_KEY_UILaunchScreen_Generation = YES;
				INFOPLIST_KEY_UISupportedInterfaceOrientations_iPad = "UIInterfaceOrientationPortrait UIInterfaceOrientationPortraitUpsideDown UIInterfaceOrientationLandscapeLeft UIInterfaceOrientationLandscapeRight";
				INFOPLIST_KEY_UISupportedInterfaceOrientations_iPhone = "UIInterfaceOrientationPortrait UIInterfaceOrientationLandscapeLeft UIInterfaceOrientationLandscapeRight";
				LD_RUNPATH_SEARCH_PATHS = (
					"$(inherited)",
					"@executable_path/Frameworks",
				);
				MARKETING_VERSION = 1.0;
				PRODUCT_BUNDLE_IDENTIFIER = me.park.jay.nw2025;
				PRODUCT_NAME = "$(TARGET_NAME)";
				STRING_CATALOG_GENERATE_SYMBOLS = YES;
				SWIFT_APPROACHABLE_CONCURRENCY = YES;
				SWIFT_DEFAULT_ACTOR_ISOLATION = MainActor;
				SWIFT_EMIT_LOC_STRINGS = YES;
				SWIFT_UPCOMING_FEATURE_MEMBER_IMPORT_VISIBILITY = YES;
				SWIFT_VERSION = 5.0;
				TARGETED_DEVICE_FAMILY = "1,2";
			};
			name = Release;
		};
/* End XCBuildConfiguration section */

/* Begin XCConfigurationList section */
		4EC030E32F161BD600552603 /* Build configuration list for PBXProject "nw2025" */ = {
			isa = XCConfigurationList;
			buildConfigurations = (
				4EC030F12F161BD800552603 /* Debug */,
				4EC030F22F161BD800552603 /* Release */,
			);
			defaultConfigurationIsVisible = 0;
			defaultConfigurationName = Release;
		};
		4EC030F32F161BD800552603 /* Build configuration list for PBXNativeTarget "nw2025" */ = {
			isa = XCConfigurationList;
			buildConfigurations = (
				4EC030F42F161BD800552603 /* Debug */,
				4EC030F52F161BD800552603 /* Release */,
			);
			defaultConfigurationIsVisible = 0;
			defaultConfigurationName = Release;
		};
/* End XCConfigurationList section */

/* Begin XCRemoteSwiftPackageReference section */
		4EC031B92F19000000552603 /* XCRemoteSwiftPackageReference "SmartSpectra" */ = {
			isa = XCRemoteSwiftPackageReference;
			repositoryURL = "https://github.com/Presage-Security/SmartSpectra";
			requirement = {
				branch = main;
				kind = branch;
			};
		};
		EDE0E5492F1C414600788AE2 /* XCRemoteSwiftPackageReference "meta-wearables-dat-ios" */ = {
			isa = XCRemoteSwiftPackageReference;
			repositoryURL = "https://github.com/facebook/meta-wearables-dat-ios";
			requirement = {
				kind = upToNextMajorVersion;
				minimumVersion = 0.3.0;
			};
		};
/* End XCRemoteSwiftPackageReference section */

/* Begin XCSwiftPackageProductDependency section */
		4EC031B82F19000000552603 /* SmartSpectraSwiftSDK */ = {
			isa = XCSwiftPackageProductDependency;
			package = 4EC031B92F19000000552603 /* XCRemoteSwiftPackageReference "SmartSpectra" */;
			productName = SmartSpectraSwiftSDK;
		};
		EDE0E54A2F1C414600788AE2 /* MWDATCamera */ = {
			isa = XCSwiftPackageProductDependency;
			package = EDE0E5492F1C414600788AE2 /* XCRemoteSwiftPackageReference "meta-wearables-dat-ios" */;
			productName = MWDATCamera;
		};
		EDE0E54C2F1C414600788AE2 /* MWDATCore */ = {
			isa = XCSwiftPackageProductDependency;
			package = EDE0E5492F1C414600788AE2 /* XCRemoteSwiftPackageReference "meta-wearables-dat-ios" */;
			productName = MWDATCore;
		};
		EDE0E54E2F1C414600788AE2 /* MWDATMockDevice */ = {
			isa = XCSwiftPackageProductDependency;
			package = EDE0E5492F1C414600788AE2 /* XCRemoteSwiftPackageReference "meta-wearables-dat-ios" */;
			productName = MWDATMockDevice;
		};
/* End XCSwiftPackageProductDependency section */
	};
	rootObject = 4EC030E02F161BD600552603 /* Project object */;
}
